
Microsoft Visual Studio Solution File, Format Version 12.00
# Visual Studio Version 17
VisualStudioVersion = 17.9.34701.34
MinimumVisualStudioVersion = 10.0.40219.1
Project("{9A19103F-16F7-4668-BE54-9A1E7A4F7556}") = "01_lanchSettings", "01_lanchSettings\01_lanchSettings.csproj", "{6BF8DABF-E7D3-4625-998F-47C18F1989A8}"
EndProject
Project("{9A19103F-16F7-4668-BE54-9A1E7A4F7556}") = "02_appSettings", "02_appSettings\02_appSettings.csproj", "{D667BAD1-237F-44DA-B2D5-D3EB69105FED}"
EndProject
Project("{9A19103F-16F7-4668-BE54-9A1E7A4F7556}") = "03_http_protocol", "03__http_protocol\03_http_protocol.csproj", "{A3ED3AB6-571E-4B55-B8E6-77BD43E898B1}"
EndProject
Project("{2150E333-8FDC-42A3-9474-1A3956D46DE8}") = "04_DI", "04_DI", "{C9A25249-E24B-4EFD-8B66-BFC647CEC834}"
EndProject
Project("{9A19103F-16F7-4668-BE54-9A1E7A4F7556}") = "04_1_polymorphism_Console", "04_1_polymorphism_Console\04_1_polymorphism_Console.csproj", "{01BCF7C1-63AC-4F43-8D64-1B651DD7FF62}"
EndProject
Project("{2150E333-8FDC-42A3-9474-1A3956D46DE8}") = "04_2_UnitTest", "04_2_UnitTest", "{18B3B9F2-ADC0-4FC3-BE0C-38F75FADDB5E}"
EndProject
Project("{9A19103F-16F7-4668-BE54-9A1E7A4F7556}") = "04_2_DIConsole", "04_2_DIConsole\04_2_DIConsole.csproj", "{BF2B2F25-0833-4DED-977A-59D131A9901D}"
EndProject
Project("{9A19103F-16F7-4668-BE54-9A1E7A4F7556}") = "04_2_DIConsoleTest", "04_2_DIConsoleTest\04_2_DIConsoleTest.csproj", "{0028EAC2-900D-4A50-B9CE-A22BACC9190D}"
EndProject
Project("{9A19103F-16F7-4668-BE54-9A1E7A4F7556}") = "05_libman", "05_libman\05_libman.csproj", "{073F4E53-06E1-4EF9-8FD9-8C97E17405D4}"
EndProject
Project("{2150E333-8FDC-42A3-9474-1A3956D46DE8}") = "04_3_DIUnitTest", "04_3_DIUnitTest", "{DD568285-0993-4F8F-AF24-16E633638DD3}"
EndProject
Project("{9A19103F-16F7-4668-BE54-9A1E7A4F7556}") = "04_3_DIConsole2", "04_3_DIConsole2\04_3_DIConsole2.csproj", "{622A49B7-F87F-4B7E-86D0-C24EB07880D7}"
EndProject
Project("{9A19103F-16F7-4668-BE54-9A1E7A4F7556}") = "04_3_DIConsole2Test", "04_3_DIConsole2Test\04_3_DIConsole2Test.csproj", "{07FF230C-60AE-474E-BF4B-18FF9D7E61A5}"
EndProject
Project("{9A19103F-16F7-4668-BE54-9A1E7A4F7556}") = "06_Lamda", "06_Lamda\06_Lamda.csproj", "{7DC61AB2-FDB1-4D4A-B48C-84277C9ACC29}"
EndProject
Project("{FAE04EC0-301F-11D3-BF4B-00C04F79EFBC}") = "07_routing", "07_routing\07_routing.csproj", "{44EDCB75-3370-46E3-BDF8-DB29A4223A36}"
EndProject
Project("{FAE04EC0-301F-11D3-BF4B-00C04F79EFBC}") = "04_4_ASPCoreDI", "04_4_ASPCoreDI\04_4_ASPCoreDI.csproj", "{6F0CEBA6-7BC3-4394-A2DB-010EC7755996}"
EndProject
Project("{FAE04EC0-301F-11D3-BF4B-00C04F79EFBC}") = "08_Component", "08_Component\08_Component.csproj", "{1486E345-C489-43CF-B532-714A3AE64560}"
EndProject
Project("{2150E333-8FDC-42A3-9474-1A3956D46DE8}") = "04_4_ASPCore", "04_4_ASPCore", "{A87223F2-965E-4521-8BEF-46AC7A3BF2A0}"
EndProject
Project("{FAE04EC0-301F-11D3-BF4B-00C04F79EFBC}") = "04_4_ASPCoreDITest", "04_4_ASPCoreDITest\04_4_ASPCoreDITest.csproj", "{424034D3-8537-42E2-9710-5AC7797BF64E}"
EndProject
Global
	GlobalSection(SolutionConfigurationPlatforms) = preSolution
		Debug|Any CPU = Debug|Any CPU
		Release|Any CPU = Release|Any CPU
	EndGlobalSection
	GlobalSection(ProjectConfigurationPlatforms) = postSolution
		{6BF8DABF-E7D3-4625-998F-47C18F1989A8}.Debug|Any CPU.ActiveCfg = Debug|Any CPU
		{6BF8DABF-E7D3-4625-998F-47C18F1989A8}.Debug|Any CPU.Build.0 = Debug|Any CPU
		{6BF8DABF-E7D3-4625-998F-47C18F1989A8}.Release|Any CPU.ActiveCfg = Release|Any CPU
		{6BF8DABF-E7D3-4625-998F-47C18F1989A8}.Release|Any CPU.Build.0 = Release|Any CPU
		{D667BAD1-237F-44DA-B2D5-D3EB69105FED}.Debug|Any CPU.ActiveCfg = Debug|Any CPU
		{D667BAD1-237F-44DA-B2D5-D3EB69105FED}.Debug|Any CPU.Build.0 = Debug|Any CPU
		{D667BAD1-237F-44DA-B2D5-D3EB69105FED}.Release|Any CPU.ActiveCfg = Release|Any CPU
		{D667BAD1-237F-44DA-B2D5-D3EB69105FED}.Release|Any CPU.Build.0 = Release|Any CPU
		{A3ED3AB6-571E-4B55-B8E6-77BD43E898B1}.Debug|Any CPU.ActiveCfg = Debug|Any CPU
		{A3ED3AB6-571E-4B55-B8E6-77BD43E898B1}.Debug|Any CPU.Build.0 = Debug|Any CPU
		{A3ED3AB6-571E-4B55-B8E6-77BD43E898B1}.Release|Any CPU.ActiveCfg = Release|Any CPU
		{A3ED3AB6-571E-4B55-B8E6-77BD43E898B1}.Release|Any CPU.Build.0 = Release|Any CPU
		{01BCF7C1-63AC-4F43-8D64-1B651DD7FF62}.Debug|Any CPU.ActiveCfg = Debug|Any CPU
		{01BCF7C1-63AC-4F43-8D64-1B651DD7FF62}.Debug|Any CPU.Build.0 = Debug|Any CPU
		{01BCF7C1-63AC-4F43-8D64-1B651DD7FF62}.Release|Any CPU.ActiveCfg = Release|Any CPU
		{01BCF7C1-63AC-4F43-8D64-1B651DD7FF62}.Release|Any CPU.Build.0 = Release|Any CPU
		{BF2B2F25-0833-4DED-977A-59D131A9901D}.Debug|Any CPU.ActiveCfg = Debug|Any CPU
		{BF2B2F25-0833-4DED-977A-59D131A9901D}.Debug|Any CPU.Build.0 = Debug|Any CPU
		{BF2B2F25-0833-4DED-977A-59D131A9901D}.Release|Any CPU.ActiveCfg = Release|Any CPU
		{BF2B2F25-0833-4DED-977A-59D131A9901D}.Release|Any CPU.Build.0 = Release|Any CPU
		{0028EAC2-900D-4A50-B9CE-A22BACC9190D}.Debug|Any CPU.ActiveCfg = Debug|Any CPU
		{0028EAC2-900D-4A50-B9CE-A22BACC9190D}.Debug|Any CPU.Build.0 = Debug|Any CPU
		{0028EAC2-900D-4A50-B9CE-A22BACC9190D}.Release|Any CPU.ActiveCfg = Release|Any CPU
		{0028EAC2-900D-4A50-B9CE-A22BACC9190D}.Release|Any CPU.Build.0 = Release|Any CPU
		{073F4E53-06E1-4EF9-8FD9-8C97E17405D4}.Debug|Any CPU.ActiveCfg = Debug|Any CPU
		{073F4E53-06E1-4EF9-8FD9-8C97E17405D4}.Debug|Any CPU.Build.0 = Debug|Any CPU
		{073F4E53-06E1-4EF9-8FD9-8C97E17405D4}.Release|Any CPU.ActiveCfg = Release|Any CPU
		{073F4E53-06E1-4EF9-8FD9-8C97E17405D4}.Release|Any CPU.Build.0 = Release|Any CPU
		{622A49B7-F87F-4B7E-86D0-C24EB07880D7}.Debug|Any CPU.ActiveCfg = Debug|Any CPU
		{622A49B7-F87F-4B7E-86D0-C24EB07880D7}.Debug|Any CPU.Build.0 = Debug|Any CPU
		{622A49B7-F87F-4B7E-86D0-C24EB07880D7}.Release|Any CPU.ActiveCfg = Release|Any CPU
		{622A49B7-F87F-4B7E-86D0-C24EB07880D7}.Release|Any CPU.Build.0 = Release|Any CPU
		{07FF230C-60AE-474E-BF4B-18FF9D7E61A5}.Debug|Any CPU.ActiveCfg = Debug|Any CPU
		{07FF230C-60AE-474E-BF4B-18FF9D7E61A5}.Debug|Any CPU.Build.0 = Debug|Any CPU
		{07FF230C-60AE-474E-BF4B-18FF9D7E61A5}.Release|Any CPU.ActiveCfg = Release|Any CPU
		{07FF230C-60AE-474E-BF4B-18FF9D7E61A5}.Release|Any CPU.Build.0 = Release|Any CPU
		{7DC61AB2-FDB1-4D4A-B48C-84277C9ACC29}.Debug|Any CPU.ActiveCfg = Debug|Any CPU
		{7DC61AB2-FDB1-4D4A-B48C-84277C9ACC29}.Debug|Any CPU.Build.0 = Debug|Any CPU
		{7DC61AB2-FDB1-4D4A-B48C-84277C9ACC29}.Release|Any CPU.ActiveCfg = Release|Any CPU
		{7DC61AB2-FDB1-4D4A-B48C-84277C9ACC29}.Release|Any CPU.Build.0 = Release|Any CPU
		{44EDCB75-3370-46E3-BDF8-DB29A4223A36}.Debug|Any CPU.ActiveCfg = Debug|Any CPU
		{44EDCB75-3370-46E3-BDF8-DB29A4223A36}.Debug|Any CPU.Build.0 = Debug|Any CPU
		{44EDCB75-3370-46E3-BDF8-DB29A4223A36}.Release|Any CPU.ActiveCfg = Release|Any CPU
		{44EDCB75-3370-46E3-BDF8-DB29A4223A36}.Release|Any CPU.Build.0 = Release|Any CPU
		{6F0CEBA6-7BC3-4394-A2DB-010EC7755996}.Debug|Any CPU.ActiveCfg = Debug|Any CPU
		{6F0CEBA6-7BC3-4394-A2DB-010EC7755996}.Debug|Any CPU.Build.0 = Debug|Any CPU
		{6F0CEBA6-7BC3-4394-A2DB-010EC7755996}.Release|Any CPU.ActiveCfg = Release|Any CPU
		{6F0CEBA6-7BC3-4394-A2DB-010EC7755996}.Release|Any CPU.Build.0 = Release|Any CPU
		{1486E345-C489-43CF-B532-714A3AE64560}.Debug|Any CPU.ActiveCfg = Debug|Any CPU
		{1486E345-C489-43CF-B532-714A3AE64560}.Debug|Any CPU.Build.0 = Debug|Any CPU
		{1486E345-C489-43CF-B532-714A3AE64560}.Release|Any CPU.ActiveCfg = Release|Any CPU
		{1486E345-C489-43CF-B532-714A3AE64560}.Release|Any CPU.Build.0 = Release|Any CPU
		{424034D3-8537-42E2-9710-5AC7797BF64E}.Debug|Any CPU.ActiveCfg = Debug|Any CPU
		{424034D3-8537-42E2-9710-5AC7797BF64E}.Debug|Any CPU.Build.0 = Debug|Any CPU
		{424034D3-8537-42E2-9710-5AC7797BF64E}.Release|Any CPU.ActiveCfg = Release|Any CPU
		{424034D3-8537-42E2-9710-5AC7797BF64E}.Release|Any CPU.Build.0 = Release|Any CPU
	EndGlobalSection
	GlobalSection(SolutionProperties) = preSolution
		HideSolutionNode = FALSE
	EndGlobalSection
	GlobalSection(NestedProjects) = preSolution
		{01BCF7C1-63AC-4F43-8D64-1B651DD7FF62} = {C9A25249-E24B-4EFD-8B66-BFC647CEC834}
		{18B3B9F2-ADC0-4FC3-BE0C-38F75FADDB5E} = {C9A25249-E24B-4EFD-8B66-BFC647CEC834}
		{BF2B2F25-0833-4DED-977A-59D131A9901D} = {18B3B9F2-ADC0-4FC3-BE0C-38F75FADDB5E}
		{0028EAC2-900D-4A50-B9CE-A22BACC9190D} = {18B3B9F2-ADC0-4FC3-BE0C-38F75FADDB5E}
		{DD568285-0993-4F8F-AF24-16E633638DD3} = {C9A25249-E24B-4EFD-8B66-BFC647CEC834}
		{622A49B7-F87F-4B7E-86D0-C24EB07880D7} = {DD568285-0993-4F8F-AF24-16E633638DD3}
		{07FF230C-60AE-474E-BF4B-18FF9D7E61A5} = {DD568285-0993-4F8F-AF24-16E633638DD3}
		{6F0CEBA6-7BC3-4394-A2DB-010EC7755996} = {A87223F2-965E-4521-8BEF-46AC7A3BF2A0}
		{A87223F2-965E-4521-8BEF-46AC7A3BF2A0} = {C9A25249-E24B-4EFD-8B66-BFC647CEC834}
		{424034D3-8537-42E2-9710-5AC7797BF64E} = {A87223F2-965E-4521-8BEF-46AC7A3BF2A0}
	EndGlobalSection
	GlobalSection(ExtensibilityGlobals) = postSolution
		SolutionGuid = {77467E16-4886-433B-A783-B84F16B91A1B}
	EndGlobalSection
EndGlobal
